github.com/gin-gonic/gin v1.3.0 h1:kCmZyPklC0gVdL728E6Aj20uYBJV93nj/TkwBTKhFbs=
github.com/gin-gonic/gin v1.3.0/go.mod h1:7cKuhb5qV2ggCFctp2fJQ+ErvciLZrIeoOSOm6mUr7Y=
github.com/scofieldpeng/golibs v0.0.0-20180722142435-cd3e22a1cfc8 h1:60kBWnktWyabHRfJEFGa0w+oAKGtBd9NwyMPSGcopIY=
github.com/scofieldpeng/golibs v0.0.0-20180722142435-cd3e22a1cfc8/go.mod h1:DBLTpVssP9ZHqCfM9WcE9II62m4diJTiKEv3qi9r5ls=
