github.com/scofieldpeng/golibs v0.0.0-20180722142435-cd3e22a1cfc8 h1:60kBWnktWyabHRfJEFGa0w+oAKGtBd9NwyMPSGcopIY=
github.com/scofieldpeng/golibs v0.0.0-20180722142435-cd3e22a1cfc8/go.mod h1:DBLTpVssP9ZHqCfM9WcE9II62m4diJTiKEv3qi9r5ls=
github.com/sirupsen/logrus v1.0.6 h1:hcP1GmhGigz/O7h1WVUM5KklBp1JoNS9FggWKdj/j3s=
github.com/sirupsen/logrus v1.0.6/go.mod h1:pMByvHTf9Beacp5x1UXfOR9xyW/9antXMhjMPG0dEzc=
